// !$*UTF8*$!
{
	archiveVersion = 1;
	classes = {
	};
	objectVersion = 56;
	objects = {

/* Begin PBXBuildFile section */
		1F2961082A41105300A441A3 /* Main.storyboard in Resources */ = {isa = PBXBuildFile; fileRef = 1F2961062A41105300A441A3 /* Main.storyboard */; };
		1F9158932A4102BC0025631A /* AppDelegate.swift in Sources */ = {isa = PBXBuildFile; fileRef = 1F9158922A4102BC0025631A /* AppDelegate.swift */; };
		1F9158952A4102BC0025631A /* SceneDelegate.swift in Sources */ = {isa = PBXBuildFile; fileRef = 1F9158942A4102BC0025631A /* SceneDelegate.swift */; };
		1F91589C2A4102BD0025631A /* Assets.xcassets in Resources */ = {isa = PBXBuildFile; fileRef = 1F91589B2A4102BD0025631A /* Assets.xcassets */; };
		1F91589F2A4102BD0025631A /* LaunchScreen.storyboard in Resources */ = {isa = PBXBuildFile; fileRef = 1F91589D2A4102BD0025631A /* LaunchScreen.storyboard */; };
		1F9158AF2A4106170025631A /* GitHubRepository.swift in Sources */ = {isa = PBXBuildFile; fileRef = 1F9158AB2A4106170025631A /* GitHubRepository.swift */; };
		1F9158B02A4106170025631A /* GitHubRepositoryOwner.swift in Sources */ = {isa = PBXBuildFile; fileRef = 1F9158AC2A4106170025631A /* GitHubRepositoryOwner.swift */; };
		1F9158B12A4106170025631A /* GitHubRepositoryResponse.swift in Sources */ = {isa = PBXBuildFile; fileRef = 1F9158AD2A4106170025631A /* GitHubRepositoryResponse.swift */; };
		1F9158B52A4106590025631A /* FilterTimeFrameType.swift in Sources */ = {isa = PBXBuildFile; fileRef = 1F9158B42A4106590025631A /* FilterTimeFrameType.swift */; };
		1F9158B92A4106780025631A /* Configuration.swift in Sources */ = {isa = PBXBuildFile; fileRef = 1F9158B72A4106780025631A /* Configuration.swift */; };
		1F9158BA2A4106780025631A /* Configuration.plist in Resources */ = {isa = PBXBuildFile; fileRef = 1F9158B82A4106780025631A /* Configuration.plist */; };
		1F9158BD2A4106A10025631A /* TeluguSangamMN.ttc in Resources */ = {isa = PBXBuildFile; fileRef = 1F9158BC2A4106A10025631A /* TeluguSangamMN.ttc */; };
		1F9158C02A4107390025631A /* Localizable.strings in Resources */ = {isa = PBXBuildFile; fileRef = 1F9158BF2A4107390025631A /* Localizable.strings */; };
		1F9158C52A4107970025631A /* DateUtils.swift in Sources */ = {isa = PBXBuildFile; fileRef = 1F9158C22A4107970025631A /* DateUtils.swift */; };
		1F9158C62A4107970025631A /* AlertViewUtils.swift in Sources */ = {isa = PBXBuildFile; fileRef = 1F9158C32A4107970025631A /* AlertViewUtils.swift */; };
		1F9158C72A4107970025631A /* UserDefaultUtils.swift in Sources */ = {isa = PBXBuildFile; fileRef = 1F9158C42A4107970025631A /* UserDefaultUtils.swift */; };
		1F9158CF2A4107D80025631A /* EmptyTableViewCell.swift in Sources */ = {isa = PBXBuildFile; fileRef = 1F9158CA2A4107D80025631A /* EmptyTableViewCell.swift */; };
		1F9158D02A4107D80025631A /* LoadingTableViewCell.swift in Sources */ = {isa = PBXBuildFile; fileRef = 1F9158CB2A4107D80025631A /* LoadingTableViewCell.swift */; };
		1F9158D12A4107D80025631A /* TableViewCellRepresentable.swift in Sources */ = {isa = PBXBuildFile; fileRef = 1F9158CD2A4107D80025631A /* TableViewCellRepresentable.swift */; };
		1F9158D22A4107D80025631A /* GeneralResourceTableViewCellRepresentable.swift in Sources */ = {isa = PBXBuildFile; fileRef = 1F9158CE2A4107D80025631A /* GeneralResourceTableViewCellRepresentable.swift */; };
		1F9158D42A4108080025631A /* GeneralResource.swift in Sources */ = {isa = PBXBuildFile; fileRef = 1F9158D32A4108080025631A /* GeneralResource.swift */; };
		1F9159162A410CF20025631A /* RemoteGitHubRepository.swift in Sources */ = {isa = PBXBuildFile; fileRef = 1F91590A2A410CF20025631A /* RemoteGitHubRepository.swift */; };
		1F9159172A410CF20025631A /* GitHubRepositoryManager.swift in Sources */ = {isa = PBXBuildFile; fileRef = 1F91590B2A410CF20025631A /* GitHubRepositoryManager.swift */; };
		1F9159182A410CF20025631A /* GitHubRepositoryRouter.swift in Sources */ = {isa = PBXBuildFile; fileRef = 1F91590C2A410CF20025631A /* GitHubRepositoryRouter.swift */; };
		1F9159192A410CF20025631A /* UserDefaultsGitHubRepository.swift in Sources */ = {isa = PBXBuildFile; fileRef = 1F91590D2A410CF20025631A /* UserDefaultsGitHubRepository.swift */; };
		1F91591A2A410CF20025631A /* Repository.swift in Sources */ = {isa = PBXBuildFile; fileRef = 1F91590F2A410CF20025631A /* Repository.swift */; };
		1F91591B2A410CF20025631A /* NetworkingManager+Reachability.swift in Sources */ = {isa = PBXBuildFile; fileRef = 1F9159112A410CF20025631A /* NetworkingManager+Reachability.swift */; };
		1F91591C2A410CF20025631A /* NetworkingManager.swift in Sources */ = {isa = PBXBuildFile; fileRef = 1F9159122A410CF20025631A /* NetworkingManager.swift */; };
		1F91591D2A410CF20025631A /* NetworkingManager+ModelResult.swift in Sources */ = {isa = PBXBuildFile; fileRef = 1F9159132A410CF20025631A /* NetworkingManager+ModelResult.swift */; };
		1F91591E2A410CF20025631A /* ConfigurationManager.swift in Sources */ = {isa = PBXBuildFile; fileRef = 1F9159152A410CF20025631A /* ConfigurationManager.swift */; };
		1F91593F2A410D640025631A /* RepositoryTableViewCellRepresentable.swift in Sources */ = {isa = PBXBuildFile; fileRef = 1F9159222A410D640025631A /* RepositoryTableViewCellRepresentable.swift */; };
		1F9159402A410D640025631A /* RepositoryDetailViewModel.swift in Sources */ = {isa = PBXBuildFile; fileRef = 1F9159252A410D640025631A /* RepositoryDetailViewModel.swift */; };
		1F9159412A410D640025631A /* RepositoryDetailTableViewCell.swift in Sources */ = {isa = PBXBuildFile; fileRef = 1F9159272A410D640025631A /* RepositoryDetailTableViewCell.swift */; };
		1F9159422A410D640025631A /* RepositoryDetailViewController+TableView.swift in Sources */ = {isa = PBXBuildFile; fileRef = 1F9159292A410D640025631A /* RepositoryDetailViewController+TableView.swift */; };
		1F9159432A410D640025631A /* RepositoryDetailViewController.swift in Sources */ = {isa = PBXBuildFile; fileRef = 1F91592A2A410D640025631A /* RepositoryDetailViewController.swift */; };
		1F9159442A410D640025631A /* RepositoryListViewModelProtocol.swift in Sources */ = {isa = PBXBuildFile; fileRef = 1F91592D2A410D640025631A /* RepositoryListViewModelProtocol.swift */; };
		1F9159452A410D640025631A /* RepositoryListViewModel.swift in Sources */ = {isa = PBXBuildFile; fileRef = 1F91592E2A410D640025631A /* RepositoryListViewModel.swift */; };
		1F9159462A410D640025631A /* RepositoryListViewModel+Data.swift in Sources */ = {isa = PBXBuildFile; fileRef = 1F91592F2A410D640025631A /* RepositoryListViewModel+Data.swift */; };
		1F9159472A410D640025631A /* RepositoryTableViewCell.swift in Sources */ = {isa = PBXBuildFile; fileRef = 1F9159312A410D640025631A /* RepositoryTableViewCell.swift */; };
		1F9159482A410D640025631A /* RepositoryListViewController.swift in Sources */ = {isa = PBXBuildFile; fileRef = 1F9159322A410D640025631A /* RepositoryListViewController.swift */; };
		1F9159492A410D640025631A /* RepositoryListViewController+SearchDelegate.swift in Sources */ = {isa = PBXBuildFile; fileRef = 1F9159342A410D640025631A /* RepositoryListViewController+SearchDelegate.swift */; };
		1F91594A2A410D640025631A /* RepositoryListViewController+Notifications.swift in Sources */ = {isa = PBXBuildFile; fileRef = 1F9159352A410D640025631A /* RepositoryListViewController+Notifications.swift */; };
		1F91594B2A410D640025631A /* RepositoryListViewController+CellDelegate.swift in Sources */ = {isa = PBXBuildFile; fileRef = 1F9159362A410D640025631A /* RepositoryListViewController+CellDelegate.swift */; };
		1F91594C2A410D640025631A /* RepositoryListViewController+ViewModelDelegate.swift in Sources */ = {isa = PBXBuildFile; fileRef = 1F9159372A410D640025631A /* RepositoryListViewController+ViewModelDelegate.swift */; };
		1F91594D2A410D640025631A /* RepositoryListViewController+TableView.swift in Sources */ = {isa = PBXBuildFile; fileRef = 1F9159382A410D640025631A /* RepositoryListViewController+TableView.swift */; };
		345A3D6FBC67EE46355EE019 /* Pods_GitHubRepositories.framework in Frameworks */ = {isa = PBXBuildFile; fileRef = 5537E7D9DCBE8D6BFB4B425A /* Pods_GitHubRepositories.framework */; };
/* End PBXBuildFile section */

/* Begin PBXFileReference section */
		1F2961072A41105300A441A3 /* Base */ = {isa = PBXFileReference; lastKnownFileType = file.storyboard; name = Base; path = Base.lproj/Main.storyboard; sourceTree = "<group>"; };
		1F91588F2A4102BC0025631A /* GitHubRepositories.app */ = {isa = PBXFileReference; explicitFileType = wrapper.application; includeInIndex = 0; path = GitHubRepositories.app; sourceTree = BUILT_PRODUCTS_DIR; };
		1F9158922A4102BC0025631A /* AppDelegate.swift */ = {isa = PBXFileReference; lastKnownFileType = sourcecode.swift; path = AppDelegate.swift; sourceTree = "<group>"; };
		1F9158942A4102BC0025631A /* SceneDelegate.swift */ = {isa = PBXFileReference; lastKnownFileType = sourcecode.swift; path = SceneDelegate.swift; sourceTree = "<group>"; };
		1F91589B2A4102BD0025631A /* Assets.xcassets */ = {isa = PBXFileReference; lastKnownFileType = folder.assetcatalog; path = Assets.xcassets; sourceTree = "<group>"; };
		1F91589E2A4102BD0025631A /* Base */ = {isa = PBXFileReference; lastKnownFileType = file.storyboard; name = Base; path = Base.lproj/LaunchScreen.storyboard; sourceTree = "<group>"; };
		1F9158A02A4102BD0025631A /* Info.plist */ = {isa = PBXFileReference; lastKnownFileType = text.plist.xml; path = Info.plist; sourceTree = "<group>"; };
		1F9158AB2A4106170025631A /* GitHubRepository.swift */ = {isa = PBXFileReference; fileEncoding = 4; lastKnownFileType = sourcecode.swift; path = GitHubRepository.swift; sourceTree = "<group>"; };
		1F9158AC2A4106170025631A /* GitHubRepositoryOwner.swift */ = {isa = PBXFileReference; fileEncoding = 4; lastKnownFileType = sourcecode.swift; path = GitHubRepositoryOwner.swift; sourceTree = "<group>"; };
		1F9158AD2A4106170025631A /* GitHubRepositoryResponse.swift */ = {isa = PBXFileReference; fileEncoding = 4; lastKnownFileType = sourcecode.swift; path = GitHubRepositoryResponse.swift; sourceTree = "<group>"; };
		1F9158B42A4106590025631A /* FilterTimeFrameType.swift */ = {isa = PBXFileReference; fileEncoding = 4; lastKnownFileType = sourcecode.swift; path = FilterTimeFrameType.swift; sourceTree = "<group>"; };
		1F9158B72A4106780025631A /* Configuration.swift */ = {isa = PBXFileReference; fileEncoding = 4; lastKnownFileType = sourcecode.swift; path = Configuration.swift; sourceTree = "<group>"; };
		1F9158B82A4106780025631A /* Configuration.plist */ = {isa = PBXFileReference; fileEncoding = 4; lastKnownFileType = text.plist.xml; path = Configuration.plist; sourceTree = "<group>"; };
		1F9158BC2A4106A10025631A /* TeluguSangamMN.ttc */ = {isa = PBXFileReference; lastKnownFileType = file; path = TeluguSangamMN.ttc; sourceTree = "<group>"; };
		1F9158BF2A4107390025631A /* Localizable.strings */ = {isa = PBXFileReference; fileEncoding = 4; lastKnownFileType = text.plist.strings; path = Localizable.strings; sourceTree = "<group>"; };
		1F9158C22A4107970025631A /* DateUtils.swift */ = {isa = PBXFileReference; fileEncoding = 4; lastKnownFileType = sourcecode.swift; path = DateUtils.swift; sourceTree = "<group>"; };
		1F9158C32A4107970025631A /* AlertViewUtils.swift */ = {isa = PBXFileReference; fileEncoding = 4; lastKnownFileType = sourcecode.swift; path = AlertViewUtils.swift; sourceTree = "<group>"; };
		1F9158C42A4107970025631A /* UserDefaultUtils.swift */ = {isa = PBXFileReference; fileEncoding = 4; lastKnownFileType = sourcecode.swift; path = UserDefaultUtils.swift; sourceTree = "<group>"; };
		1F9158CA2A4107D80025631A /* EmptyTableViewCell.swift */ = {isa = PBXFileReference; fileEncoding = 4; lastKnownFileType = sourcecode.swift; path = EmptyTableViewCell.swift; sourceTree = "<group>"; };
		1F9158CB2A4107D80025631A /* LoadingTableViewCell.swift */ = {isa = PBXFileReference; fileEncoding = 4; lastKnownFileType = sourcecode.swift; path = LoadingTableViewCell.swift; sourceTree = "<group>"; };
		1F9158CD2A4107D80025631A /* TableViewCellRepresentable.swift */ = {isa = PBXFileReference; fileEncoding = 4; lastKnownFileType = sourcecode.swift; path = TableViewCellRepresentable.swift; sourceTree = "<group>"; };
		1F9158CE2A4107D80025631A /* GeneralResourceTableViewCellRepresentable.swift */ = {isa = PBXFileReference; fileEncoding = 4; lastKnownFileType = sourcecode.swift; path = GeneralResourceTableViewCellRepresentable.swift; sourceTree = "<group>"; };
		1F9158D32A4108080025631A /* GeneralResource.swift */ = {isa = PBXFileReference; fileEncoding = 4; lastKnownFileType = sourcecode.swift; path = GeneralResource.swift; sourceTree = "<group>"; };
		1F91590A2A410CF20025631A /* RemoteGitHubRepository.swift */ = {isa = PBXFileReference; fileEncoding = 4; lastKnownFileType = sourcecode.swift; path = RemoteGitHubRepository.swift; sourceTree = "<group>"; };
		1F91590B2A410CF20025631A /* GitHubRepositoryManager.swift */ = {isa = PBXFileReference; fileEncoding = 4; lastKnownFileType = sourcecode.swift; path = GitHubRepositoryManager.swift; sourceTree = "<group>"; };
		1F91590C2A410CF20025631A /* GitHubRepositoryRouter.swift */ = {isa = PBXFileReference; fileEncoding = 4; lastKnownFileType = sourcecode.swift; path = GitHubRepositoryRouter.swift; sourceTree = "<group>"; };
		1F91590D2A410CF20025631A /* UserDefaultsGitHubRepository.swift */ = {isa = PBXFileReference; fileEncoding = 4; lastKnownFileType = sourcecode.swift; path = UserDefaultsGitHubRepository.swift; sourceTree = "<group>"; };
		1F91590F2A410CF20025631A /* Repository.swift */ = {isa = PBXFileReference; fileEncoding = 4; lastKnownFileType = sourcecode.swift; path = Repository.swift; sourceTree = "<group>"; };
		1F9159112A410CF20025631A /* NetworkingManager+Reachability.swift */ = {isa = PBXFileReference; fileEncoding = 4; lastKnownFileType = sourcecode.swift; path = "NetworkingManager+Reachability.swift"; sourceTree = "<group>"; };
		1F9159122A410CF20025631A /* NetworkingManager.swift */ = {isa = PBXFileReference; fileEncoding = 4; lastKnownFileType = sourcecode.swift; path = NetworkingManager.swift; sourceTree = "<group>"; };
		1F9159132A410CF20025631A /* NetworkingManager+ModelResult.swift */ = {isa = PBXFileReference; fileEncoding = 4; lastKnownFileType = sourcecode.swift; path = "NetworkingManager+ModelResult.swift"; sourceTree = "<group>"; };
		1F9159152A410CF20025631A /* ConfigurationManager.swift */ = {isa = PBXFileReference; fileEncoding = 4; lastKnownFileType = sourcecode.swift; path = ConfigurationManager.swift; sourceTree = "<group>"; };
		1F9159222A410D640025631A /* RepositoryTableViewCellRepresentable.swift */ = {isa = PBXFileReference; fileEncoding = 4; lastKnownFileType = sourcecode.swift; path = RepositoryTableViewCellRepresentable.swift; sourceTree = "<group>"; };
		1F9159252A410D640025631A /* RepositoryDetailViewModel.swift */ = {isa = PBXFileReference; fileEncoding = 4; lastKnownFileType = sourcecode.swift; path = RepositoryDetailViewModel.swift; sourceTree = "<group>"; };
		1F9159272A410D640025631A /* RepositoryDetailTableViewCell.swift */ = {isa = PBXFileReference; fileEncoding = 4; lastKnownFileType = sourcecode.swift; path = RepositoryDetailTableViewCell.swift; sourceTree = "<group>"; };
		1F9159292A410D640025631A /* RepositoryDetailViewController+TableView.swift */ = {isa = PBXFileReference; fileEncoding = 4; lastKnownFileType = sourcecode.swift; path = "RepositoryDetailViewController+TableView.swift"; sourceTree = "<group>"; };
		1F91592A2A410D640025631A /* RepositoryDetailViewController.swift */ = {isa = PBXFileReference; fileEncoding = 4; lastKnownFileType = sourcecode.swift; path = RepositoryDetailViewController.swift; sourceTree = "<group>"; };
		1F91592D2A410D640025631A /* RepositoryListViewModelProtocol.swift */ = {isa = PBXFileReference; fileEncoding = 4; lastKnownFileType = sourcecode.swift; path = RepositoryListViewModelProtocol.swift; sourceTree = "<group>"; };
		1F91592E2A410D640025631A /* RepositoryListViewModel.swift */ = {isa = PBXFileReference; fileEncoding = 4; lastKnownFileType = sourcecode.swift; path = RepositoryListViewModel.swift; sourceTree = "<group>"; };
		1F91592F2A410D640025631A /* RepositoryListViewModel+Data.swift */ = {isa = PBXFileReference; fileEncoding = 4; lastKnownFileType = sourcecode.swift; path = "RepositoryListViewModel+Data.swift"; sourceTree = "<group>"; };
		1F9159312A410D640025631A /* RepositoryTableViewCell.swift */ = {isa = PBXFileReference; fileEncoding = 4; lastKnownFileType = sourcecode.swift; path = RepositoryTableViewCell.swift; sourceTree = "<group>"; };
		1F9159322A410D640025631A /* RepositoryListViewController.swift */ = {isa = PBXFileReference; fileEncoding = 4; lastKnownFileType = sourcecode.swift; path = RepositoryListViewController.swift; sourceTree = "<group>"; };
		1F9159342A410D640025631A /* RepositoryListViewController+SearchDelegate.swift */ = {isa = PBXFileReference; fileEncoding = 4; lastKnownFileType = sourcecode.swift; path = "RepositoryListViewController+SearchDelegate.swift"; sourceTree = "<group>"; };
		1F9159352A410D640025631A /* RepositoryListViewController+Notifications.swift */ = {isa = PBXFileReference; fileEncoding = 4; lastKnownFileType = sourcecode.swift; path = "RepositoryListViewController+Notifications.swift"; sourceTree = "<group>"; };
		1F9159362A410D640025631A /* RepositoryListViewController+CellDelegate.swift */ = {isa = PBXFileReference; fileEncoding = 4; lastKnownFileType = sourcecode.swift; path = "RepositoryListViewController+CellDelegate.swift"; sourceTree = "<group>"; };
		1F9159372A410D640025631A /* RepositoryListViewController+ViewModelDelegate.swift */ = {isa = PBXFileReference; fileEncoding = 4; lastKnownFileType = sourcecode.swift; path = "RepositoryListViewController+ViewModelDelegate.swift"; sourceTree = "<group>"; };
		1F9159382A410D640025631A /* RepositoryListViewController+TableView.swift */ = {isa = PBXFileReference; fileEncoding = 4; lastKnownFileType = sourcecode.swift; path = "RepositoryListViewController+TableView.swift"; sourceTree = "<group>"; };
		36AF5925BE214C2A0E9E1A71 /* Pods-GitHubRepositories.release.xcconfig */ = {isa = PBXFileReference; includeInIndex = 1; lastKnownFileType = text.xcconfig; name = "Pods-GitHubRepositories.release.xcconfig"; path = "Target Support Files/Pods-GitHubRepositories/Pods-GitHubRepositories.release.xcconfig"; sourceTree = "<group>"; };
		5537E7D9DCBE8D6BFB4B425A /* Pods_GitHubRepositories.framework */ = {isa = PBXFileReference; explicitFileType = wrapper.framework; includeInIndex = 0; path = Pods_GitHubRepositories.framework; sourceTree = BUILT_PRODUCTS_DIR; };
		EEE9489460AC2EBA5B517785 /* Pods-GitHubRepositories.debug.xcconfig */ = {isa = PBXFileReference; includeInIndex = 1; lastKnownFileType = text.xcconfig; name = "Pods-GitHubRepositories.debug.xcconfig"; path = "Target Support Files/Pods-GitHubRepositories/Pods-GitHubRepositories.debug.xcconfig"; sourceTree = "<group>"; };
/* End PBXFileReference section */

/* Begin PBXFrameworksBuildPhase section */
		1F91588C2A4102BC0025631A /* Frameworks */ = {
			isa = PBXFrameworksBuildPhase;
			buildActionMask = 2147483647;
			files = (
				345A3D6FBC67EE46355EE019 /* Pods_GitHubRepositories.framework in Frameworks */,
			);
			runOnlyForDeploymentPostprocessing = 0;
		};
/* End PBXFrameworksBuildPhase section */

/* Begin PBXGroup section */
		1F9158862A4102BC0025631A = {
			isa = PBXGroup;
			children = (
				1F9158912A4102BC0025631A /* GitHubRepositories */,
				1F9158902A4102BC0025631A /* Products */,
				989ECEB9AB4D65F055F00C80 /* Pods */,
				D706BF819979DF2F8678B6B7 /* Frameworks */,
			);
			sourceTree = "<group>";
		};
		1F9158902A4102BC0025631A /* Products */ = {
			isa = PBXGroup;
			children = (
				1F91588F2A4102BC0025631A /* GitHubRepositories.app */,
			);
			name = Products;
			sourceTree = "<group>";
		};
		1F9158912A4102BC0025631A /* GitHubRepositories */ = {
			isa = PBXGroup;
			children = (
				1F91591F2A410D640025631A /* ViewControllers */,
				1F9159082A410CF20025631A /* Helpers */,
				1F9158C12A4107890025631A /* Utils */,
				1F9158BE2A41072C0025631A /* Localizable */,
				1F9158B62A41066C0025631A /* Configs */,
				1F9158B32A4106510025631A /* Enum */,
				1F9158A92A41060C0025631A /* Entities */,
				1F9158A82A4103110025631A /* Resources */,
				1F9158A62A4102E50025631A /* Core */,
				1F9158A72A4102F50025631A /* Storyboards */,
				1F9158A02A4102BD0025631A /* Info.plist */,
			);
			path = GitHubRepositories;
			sourceTree = "<group>";
		};
		1F9158A62A4102E50025631A /* Core */ = {
			isa = PBXGroup;
			children = (
				1F9158922A4102BC0025631A /* AppDelegate.swift */,
				1F9158942A4102BC0025631A /* SceneDelegate.swift */,
			);
			path = Core;
			sourceTree = "<group>";
		};
		1F9158A72A4102F50025631A /* Storyboards */ = {
			isa = PBXGroup;
			children = (
				1F2961062A41105300A441A3 /* Main.storyboard */,
			);
			path = Storyboards;
			sourceTree = "<group>";
		};
		1F9158A82A4103110025631A /* Resources */ = {
			isa = PBXGroup;
			children = (
				1F9158BB2A4106960025631A /* fonts */,
				1F91589B2A4102BD0025631A /* Assets.xcassets */,
				1F91589D2A4102BD0025631A /* LaunchScreen.storyboard */,
			);
			path = Resources;
			sourceTree = "<group>";
		};
		1F9158A92A41060C0025631A /* Entities */ = {
			isa = PBXGroup;
			children = (
				1F9158D32A4108080025631A /* GeneralResource.swift */,
				1F9158AA2A4106170025631A /* Repository */,
			);
			path = Entities;
			sourceTree = "<group>";
		};
		1F9158AA2A4106170025631A /* Repository */ = {
			isa = PBXGroup;
			children = (
				1F9158AB2A4106170025631A /* GitHubRepository.swift */,
				1F9158AC2A4106170025631A /* GitHubRepositoryOwner.swift */,
				1F9158AD2A4106170025631A /* GitHubRepositoryResponse.swift */,
			);
			path = Repository;
			sourceTree = "<group>";
		};
		1F9158B32A4106510025631A /* Enum */ = {
			isa = PBXGroup;
			children = (
				1F9158B42A4106590025631A /* FilterTimeFrameType.swift */,
			);
			path = Enum;
			sourceTree = "<group>";
		};
		1F9158B62A41066C0025631A /* Configs */ = {
			isa = PBXGroup;
			children = (
				1F9158B82A4106780025631A /* Configuration.plist */,
				1F9158B72A4106780025631A /* Configuration.swift */,
			);
			path = Configs;
			sourceTree = "<group>";
		};
		1F9158BB2A4106960025631A /* fonts */ = {
			isa = PBXGroup;
			children = (
				1F9158BC2A4106A10025631A /* TeluguSangamMN.ttc */,
			);
			path = fonts;
			sourceTree = "<group>";
		};
		1F9158BE2A41072C0025631A /* Localizable */ = {
			isa = PBXGroup;
			children = (
				1F9158BF2A4107390025631A /* Localizable.strings */,
			);
			path = Localizable;
			sourceTree = "<group>";
		};
		1F9158C12A4107890025631A /* Utils */ = {
			isa = PBXGroup;
			children = (
				1F9158C82A4107C90025631A /* TableView */,
				1F9158C22A4107970025631A /* DateUtils.swift */,
				1F9158C32A4107970025631A /* AlertViewUtils.swift */,
				1F9158C42A4107970025631A /* UserDefaultUtils.swift */,
			);
			path = Utils;
			sourceTree = "<group>";
		};
		1F9158C82A4107C90025631A /* TableView */ = {
			isa = PBXGroup;
			children = (
				1F9158C92A4107D80025631A /* Cells */,
				1F9158CC2A4107D80025631A /* Representables */,
			);
			path = TableView;
			sourceTree = "<group>";
		};
		1F9158C92A4107D80025631A /* Cells */ = {
			isa = PBXGroup;
			children = (
				1F9158CA2A4107D80025631A /* EmptyTableViewCell.swift */,
				1F9158CB2A4107D80025631A /* LoadingTableViewCell.swift */,
			);
			path = Cells;
			sourceTree = "<group>";
		};
		1F9158CC2A4107D80025631A /* Representables */ = {
			isa = PBXGroup;
			children = (
				1F9158CD2A4107D80025631A /* TableViewCellRepresentable.swift */,
				1F9158CE2A4107D80025631A /* GeneralResourceTableViewCellRepresentable.swift */,
			);
			path = Representables;
			sourceTree = "<group>";
		};
		1F9159082A410CF20025631A /* Helpers */ = {
			isa = PBXGroup;
			children = (
				1F9159092A410CF20025631A /* Repository */,
				1F9159102A410CF20025631A /* NetworkingManager */,
				1F9159142A410CF20025631A /* ConfigurationManager */,
			);
			path = Helpers;
			sourceTree = "<group>";
		};
		1F9159092A410CF20025631A /* Repository */ = {
			isa = PBXGroup;
			children = (
				1F91590A2A410CF20025631A /* RemoteGitHubRepository.swift */,
				1F91590B2A410CF20025631A /* GitHubRepositoryManager.swift */,
				1F91590C2A410CF20025631A /* GitHubRepositoryRouter.swift */,
				1F91590D2A410CF20025631A /* UserDefaultsGitHubRepository.swift */,
				1F91590E2A410CF20025631A /* Protocols */,
			);
			path = Repository;
			sourceTree = "<group>";
		};
		1F91590E2A410CF20025631A /* Protocols */ = {
			isa = PBXGroup;
			children = (
				1F91590F2A410CF20025631A /* Repository.swift */,
			);
			path = Protocols;
			sourceTree = "<group>";
		};
		1F9159102A410CF20025631A /* NetworkingManager */ = {
			isa = PBXGroup;
			children = (
				1F9159112A410CF20025631A /* NetworkingManager+Reachability.swift */,
				1F9159122A410CF20025631A /* NetworkingManager.swift */,
				1F9159132A410CF20025631A /* NetworkingManager+ModelResult.swift */,
			);
			path = NetworkingManager;
			sourceTree = "<group>";
		};
		1F9159142A410CF20025631A /* ConfigurationManager */ = {
			isa = PBXGroup;
			children = (
				1F9159152A410CF20025631A /* ConfigurationManager.swift */,
			);
			path = ConfigurationManager;
			sourceTree = "<group>";
		};
		1F91591F2A410D640025631A /* ViewControllers */ = {
			isa = PBXGroup;
			children = (
				1F9159202A410D640025631A /* Repository */,
			);
			path = ViewControllers;
			sourceTree = "<group>";
		};
		1F9159202A410D640025631A /* Repository */ = {
			isa = PBXGroup;
			children = (
				1F9159212A410D640025631A /* Representables */,
				1F9159232A410D640025631A /* RepositoryDetailViewController */,
				1F91592B2A410D640025631A /* RepositoryListViewController */,
			);
			path = Repository;
			sourceTree = "<group>";
		};
		1F9159212A410D640025631A /* Representables */ = {
			isa = PBXGroup;
			children = (
				1F9159222A410D640025631A /* RepositoryTableViewCellRepresentable.swift */,
			);
			path = Representables;
			sourceTree = "<group>";
		};
		1F9159232A410D640025631A /* RepositoryDetailViewController */ = {
			isa = PBXGroup;
			children = (
				1F9159242A410D640025631A /* ViewModel */,
				1F9159262A410D640025631A /* Cells */,
				1F9159282A410D640025631A /* Extensions */,
				1F91592A2A410D640025631A /* RepositoryDetailViewController.swift */,
			);
			path = RepositoryDetailViewController;
			sourceTree = "<group>";
		};
		1F9159242A410D640025631A /* ViewModel */ = {
			isa = PBXGroup;
			children = (
				1F9159252A410D640025631A /* RepositoryDetailViewModel.swift */,
			);
			path = ViewModel;
			sourceTree = "<group>";
		};
		1F9159262A410D640025631A /* Cells */ = {
			isa = PBXGroup;
			children = (
				1F9159272A410D640025631A /* RepositoryDetailTableViewCell.swift */,
			);
			path = Cells;
			sourceTree = "<group>";
		};
		1F9159282A410D640025631A /* Extensions */ = {
			isa = PBXGroup;
			children = (
				1F9159292A410D640025631A /* RepositoryDetailViewController+TableView.swift */,
			);
			path = Extensions;
			sourceTree = "<group>";
		};
		1F91592B2A410D640025631A /* RepositoryListViewController */ = {
			isa = PBXGroup;
			children = (
				1F91592C2A410D640025631A /* ViewModel */,
				1F9159302A410D640025631A /* Cells */,
				1F9159322A410D640025631A /* RepositoryListViewController.swift */,
				1F9159332A410D640025631A /* Extensions */,
			);
			path = RepositoryListViewController;
			sourceTree = "<group>";
		};
		1F91592C2A410D640025631A /* ViewModel */ = {
			isa = PBXGroup;
			children = (
				1F91592D2A410D640025631A /* RepositoryListViewModelProtocol.swift */,
				1F91592E2A410D640025631A /* RepositoryListViewModel.swift */,
				1F91592F2A410D640025631A /* RepositoryListViewModel+Data.swift */,
			);
			path = ViewModel;
			sourceTree = "<group>";
		};
		1F9159302A410D640025631A /* Cells */ = {
			isa = PBXGroup;
			children = (
				1F9159312A410D640025631A /* RepositoryTableViewCell.swift */,
			);
			path = Cells;
			sourceTree = "<group>";
		};
		1F9159332A410D640025631A /* Extensions */ = {
			isa = PBXGroup;
			children = (
				1F9159342A410D640025631A /* RepositoryListViewController+SearchDelegate.swift */,
				1F9159352A410D640025631A /* RepositoryListViewController+Notifications.swift */,
				1F9159362A410D640025631A /* RepositoryListViewController+CellDelegate.swift */,
				1F9159372A410D640025631A /* RepositoryListViewController+ViewModelDelegate.swift */,
				1F9159382A410D640025631A /* RepositoryListViewController+TableView.swift */,
			);
			path = Extensions;
			sourceTree = "<group>";
		};
		989ECEB9AB4D65F055F00C80 /* Pods */ = {
			isa = PBXGroup;
			children = (
				EEE9489460AC2EBA5B517785 /* Pods-GitHubRepositories.debug.xcconfig */,
				36AF5925BE214C2A0E9E1A71 /* Pods-GitHubRepositories.release.xcconfig */,
			);
			path = Pods;
			sourceTree = "<group>";
		};
		D706BF819979DF2F8678B6B7 /* Frameworks */ = {
			isa = PBXGroup;
			children = (
				5537E7D9DCBE8D6BFB4B425A /* Pods_GitHubRepositories.framework */,
			);
			name = Frameworks;
			sourceTree = "<group>";
		};
/* End PBXGroup section */

/* Begin PBXNativeTarget section */
		1F91588E2A4102BC0025631A /* GitHubRepositories */ = {
			isa = PBXNativeTarget;
			buildConfigurationList = 1F9158A32A4102BD0025631A /* Build configuration list for PBXNativeTarget "GitHubRepositories" */;
			buildPhases = (
				919D07DD7CE1762F3CD16C78 /* [CP] Check Pods Manifest.lock */,
				1F91588B2A4102BC0025631A /* Sources */,
				1F91588C2A4102BC0025631A /* Frameworks */,
				1F91588D2A4102BC0025631A /* Resources */,
				800FDEF2D7A6B618B7C89DEE /* [CP] Embed Pods Frameworks */,
			);
			buildRules = (
			);
			dependencies = (
			);
			name = GitHubRepositories;
			productName = GitHubRepositories;
			productReference = 1F91588F2A4102BC0025631A /* GitHubRepositories.app */;
			productType = "com.apple.product-type.application";
		};
/* End PBXNativeTarget section */

/* Begin PBXProject section */
		1F9158872A4102BC0025631A /* Project object */ = {
			isa = PBXProject;
			attributes = {
				BuildIndependentTargetsInParallel = 1;
				LastSwiftUpdateCheck = 1430;
				LastUpgradeCheck = 1430;
				TargetAttributes = {
					1F91588E2A4102BC0025631A = {
						CreatedOnToolsVersion = 14.3;
					};
				};
			};
			buildConfigurationList = 1F91588A2A4102BC0025631A /* Build configuration list for PBXProject "GitHubRepositories" */;
			compatibilityVersion = "Xcode 14.0";
			developmentRegion = en;
			hasScannedForEncodings = 0;
			knownRegions = (
				en,
				Base,
			);
			mainGroup = 1F9158862A4102BC0025631A;
			productRefGroup = 1F9158902A4102BC0025631A /* Products */;
			projectDirPath = "";
			projectRoot = "";
			targets = (
				1F91588E2A4102BC0025631A /* GitHubRepositories */,
			);
		};
/* End PBXProject section */

/* Begin PBXResourcesBuildPhase section */
		1F91588D2A4102BC0025631A /* Resources */ = {
			isa = PBXResourcesBuildPhase;
			buildActionMask = 2147483647;
			files = (
				1F9158BD2A4106A10025631A /* TeluguSangamMN.ttc in Resources */,
				1F9158C02A4107390025631A /* Localizable.strings in Resources */,
				1F91589F2A4102BD0025631A /* LaunchScreen.storyboard in Resources */,
				1F2961082A41105300A441A3 /* Main.storyboard in Resources */,
				1F9158BA2A4106780025631A /* Configuration.plist in Resources */,
				1F91589C2A4102BD0025631A /* Assets.xcassets in Resources */,
			);
			runOnlyForDeploymentPostprocessing = 0;
		};
/* End PBXResourcesBuildPhase section */

/* Begin PBXShellScriptBuildPhase section */
		800FDEF2D7A6B618B7C89DEE /* [CP] Embed Pods Frameworks */ = {
			isa = PBXShellScriptBuildPhase;
			buildActionMask = 2147483647;
			files = (
			);
			inputFileListPaths = (
				"${PODS_ROOT}/Target Support Files/Pods-GitHubRepositories/Pods-GitHubRepositories-frameworks-${CONFIGURATION}-input-files.xcfilelist",
			);
			name = "[CP] Embed Pods Frameworks";
			outputFileListPaths = (
				"${PODS_ROOT}/Target Support Files/Pods-GitHubRepositories/Pods-GitHubRepositories-frameworks-${CONFIGURATION}-output-files.xcfilelist",
			);
			runOnlyForDeploymentPostprocessing = 0;
			shellPath = /bin/sh;
			shellScript = "\"${PODS_ROOT}/Target Support Files/Pods-GitHubRepositories/Pods-GitHubRepositories-frameworks.sh\"\n";
			showEnvVarsInLog = 0;
		};
		919D07DD7CE1762F3CD16C78 /* [CP] Check Pods Manifest.lock */ = {
			isa = PBXShellScriptBuildPhase;
			buildActionMask = 2147483647;
			files = (
			);
			inputFileListPaths = (
			);
			inputPaths = (
				"${PODS_PODFILE_DIR_PATH}/Podfile.lock",
				"${PODS_ROOT}/Manifest.lock",
			);
			name = "[CP] Check Pods Manifest.lock";
			outputFileListPaths = (
			);
			outputPaths = (
				"$(DERIVED_FILE_DIR)/Pods-GitHubRepositories-checkManifestLockResult.txt",
			);
			runOnlyForDeploymentPostprocessing = 0;
			shellPath = /bin/sh;
			shellScript = "diff \"${PODS_PODFILE_DIR_PATH}/Podfile.lock\" \"${PODS_ROOT}/Manifest.lock\" > /dev/null\nif [ $? != 0 ] ; then\n    # print error to STDERR\n    echo \"error: The sandbox is not in sync with the Podfile.lock. Run 'pod install' or update your CocoaPods installation.\" >&2\n    exit 1\nfi\n# This output is used by Xcode 'outputs' to avoid re-running this script phase.\necho \"SUCCESS\" > \"${SCRIPT_OUTPUT_FILE_0}\"\n";
			showEnvVarsInLog = 0;
		};
/* End PBXShellScriptBuildPhase section */

/* Begin PBXSourcesBuildPhase section */
		1F91588B2A4102BC0025631A /* Sources */ = {
			isa = PBXSourcesBuildPhase;
			buildActionMask = 2147483647;
			files = (
				1F9158B02A4106170025631A /* GitHubRepositoryOwner.swift in Sources */,
				1F91591D2A410CF20025631A /* NetworkingManager+ModelResult.swift in Sources */,
				1F9159452A410D640025631A /* RepositoryListViewModel.swift in Sources */,
				1F9158C52A4107970025631A /* DateUtils.swift in Sources */,
				1F9158D12A4107D80025631A /* TableViewCellRepresentable.swift in Sources */,
				1F9158D02A4107D80025631A /* LoadingTableViewCell.swift in Sources */,
				1F9159472A410D640025631A /* RepositoryTableViewCell.swift in Sources */,
				1F9158C72A4107970025631A /* UserDefaultUtils.swift in Sources */,
				1F9159442A410D640025631A /* RepositoryListViewModelProtocol.swift in Sources */,
				1F9159412A410D640025631A /* RepositoryDetailTableViewCell.swift in Sources */,
				1F91594C2A410D640025631A /* RepositoryListViewController+ViewModelDelegate.swift in Sources */,
				1F9158C62A4107970025631A /* AlertViewUtils.swift in Sources */,
				1F9159162A410CF20025631A /* RemoteGitHubRepository.swift in Sources */,
				1F91591E2A410CF20025631A /* ConfigurationManager.swift in Sources */,
				1F91591C2A410CF20025631A /* NetworkingManager.swift in Sources */,
				1F91591A2A410CF20025631A /* Repository.swift in Sources */,
				1F9159432A410D640025631A /* RepositoryDetailViewController.swift in Sources */,
				1F9158AF2A4106170025631A /* GitHubRepository.swift in Sources */,
				1F9159492A410D640025631A /* RepositoryListViewController+SearchDelegate.swift in Sources */,
				1F9158D22A4107D80025631A /* GeneralResourceTableViewCellRepresentable.swift in Sources */,
				1F91593F2A410D640025631A /* RepositoryTableViewCellRepresentable.swift in Sources */,
				1F9159462A410D640025631A /* RepositoryListViewModel+Data.swift in Sources */,
				1F9158B92A4106780025631A /* Configuration.swift in Sources */,
				1F9159402A410D640025631A /* RepositoryDetailViewModel.swift in Sources */,
				1F9159482A410D640025631A /* RepositoryListViewController.swift in Sources */,
				1F9158D42A4108080025631A /* GeneralResource.swift in Sources */,
				1F91594D2A410D640025631A /* RepositoryListViewController+TableView.swift in Sources */,
				1F9158B52A4106590025631A /* FilterTimeFrameType.swift in Sources */,
				1F9159172A410CF20025631A /* GitHubRepositoryManager.swift in Sources */,
				1F9158932A4102BC0025631A /* AppDelegate.swift in Sources */,
				1F9159422A410D640025631A /* RepositoryDetailViewController+TableView.swift in Sources */,
				1F91594B2A410D640025631A /* RepositoryListViewController+CellDelegate.swift in Sources */,
				1F9158B12A4106170025631A /* GitHubRepositoryResponse.swift in Sources */,
				1F9159182A410CF20025631A /* GitHubRepositoryRouter.swift in Sources */,
				1F91591B2A410CF20025631A /* NetworkingManager+Reachability.swift in Sources */,
				1F9159192A410CF20025631A /* UserDefaultsGitHubRepository.swift in Sources */,
				1F9158952A4102BC0025631A /* SceneDelegate.swift in Sources */,
				1F9158CF2A4107D80025631A /* EmptyTableViewCell.swift in Sources */,
				1F91594A2A410D640025631A /* RepositoryListViewController+Notifications.swift in Sources */,
			);
			runOnlyForDeploymentPostprocessing = 0;
		};
/* End PBXSourcesBuildPhase section */

/* Begin PBXVariantGroup section */
		1F2961062A41105300A441A3 /* Main.storyboard */ = {
			isa = PBXVariantGroup;
			children = (
				1F2961072A41105300A441A3 /* Base */,
			);
			name = Main.storyboard;
			sourceTree = "<group>";
		};
		1F91589D2A4102BD0025631A /* LaunchScreen.storyboard */ = {
			isa = PBXVariantGroup;
			children = (
				1F91589E2A4102BD0025631A /* Base */,
			);
			name = LaunchScreen.storyboard;
			sourceTree = "<group>";
		};
/* End PBXVariantGroup section */

/* Begin XCBuildConfiguration section */
		1F9158A12A4102BD0025631A /* Debug */ = {
			isa = XCBuildConfiguration;
			buildSettings = {
				ALWAYS_SEARCH_USER_PATHS = NO;
				CLANG_ANALYZER_NONNULL = YES;
				CLANG_ANALYZER_NUMBER_OBJECT_CONVERSION = YES_AGGRESSIVE;
				CLANG_CXX_LANGUAGE_STANDARD = "gnu++20";
				CLANG_ENABLE_MODULES = YES;
				CLANG_ENABLE_OBJC_ARC = YES;
				CLANG_ENABLE_OBJC_WEAK = YES;
				CLANG_WARN_BLOCK_CAPTURE_AUTORELEASING = YES;
				CLANG_WARN_BOOL_CONVERSION = YES;
				CLANG_WARN_COMMA = YES;
				CLANG_WARN_CONSTANT_CONVERSION = YES;
				CLANG_WARN_DEPRECATED_OBJC_IMPLEMENTATIONS = YES;
				CLANG_WARN_DIRECT_OBJC_ISA_USAGE = YES_ERROR;
				CLANG_WARN_DOCUMENTATION_COMMENTS = YES;
				CLANG_WARN_EMPTY_BODY = YES;
				CLANG_WARN_ENUM_CONVERSION = YES;
				CLANG_WARN_INFINITE_RECURSION = YES;
				CLANG_WARN_INT_CONVERSION = YES;
				CLANG_WARN_NON_LITERAL_NULL_CONVERSION = YES;
				CLANG_WARN_OBJC_IMPLICIT_RETAIN_SELF = YES;
				CLANG_WARN_OBJC_LITERAL_CONVERSION = YES;
				CLANG_WARN_OBJC_ROOT_CLASS = YES_ERROR;
				CLANG_WARN_QUOTED_INCLUDE_IN_FRAMEWORK_HEADER = YES;
				CLANG_WARN_RANGE_LOOP_ANALYSIS = YES;
				CLANG_WARN_STRICT_PROTOTYPES = YES;
				CLANG_WARN_SUSPICIOUS_MOVE = YES;
				CLANG_WARN_UNGUARDED_AVAILABILITY = YES_AGGRESSIVE;
				CLANG_WARN_UNREACHABLE_CODE = YES;
				CLANG_WARN__DUPLICATE_METHOD_MATCH = YES;
				COPY_PHASE_STRIP = NO;
				DEBUG_INFORMATION_FORMAT = dwarf;
				ENABLE_STRICT_OBJC_MSGSEND = YES;
				ENABLE_TESTABILITY = YES;
				GCC_C_LANGUAGE_STANDARD = gnu11;
				GCC_DYNAMIC_NO_PIC = NO;
				GCC_NO_COMMON_BLOCKS = YES;
				GCC_OPTIMIZATION_LEVEL = 0;
				GCC_PREPROCESSOR_DEFINITIONS = (
					"DEBUG=1",
					"$(inherited)",
				);
				GCC_WARN_64_TO_32_BIT_CONVERSION = YES;
				GCC_WARN_ABOUT_RETURN_TYPE = YES_ERROR;
				GCC_WARN_UNDECLARED_SELECTOR = YES;
				GCC_WARN_UNINITIALIZED_AUTOS = YES_AGGRESSIVE;
				GCC_WARN_UNUSED_FUNCTION = YES;
				GCC_WARN_UNUSED_VARIABLE = YES;
				IPHONEOS_DEPLOYMENT_TARGET = 14.0;
				MTL_ENABLE_DEBUG_INFO = INCLUDE_SOURCE;
				MTL_FAST_MATH = YES;
				ONLY_ACTIVE_ARCH = YES;
				SDKROOT = iphoneos;
				SWIFT_ACTIVE_COMPILATION_CONDITIONS = DEBUG;
				SWIFT_OPTIMIZATION_LEVEL = "-Onone";
			};
			name = Debug;
		};
		1F9158A22A4102BD0025631A /* Release */ = {
			isa = XCBuildConfiguration;
			buildSettings = {
				ALWAYS_SEARCH_USER_PATHS = NO;
				CLANG_ANALYZER_NONNULL = YES;
				CLANG_ANALYZER_NUMBER_OBJECT_CONVERSION = YES_AGGRESSIVE;
				CLANG_CXX_LANGUAGE_STANDARD = "gnu++20";
				CLANG_ENABLE_MODULES = YES;
				CLANG_ENABLE_OBJC_ARC = YES;
				CLANG_ENABLE_OBJC_WEAK = YES;
				CLANG_WARN_BLOCK_CAPTURE_AUTORELEASING = YES;
				CLANG_WARN_BOOL_CONVERSION = YES;
				CLANG_WARN_COMMA = YES;
				CLANG_WARN_CONSTANT_CONVERSION = YES;
				CLANG_WARN_DEPRECATED_OBJC_IMPLEMENTATIONS = YES;
				CLANG_WARN_DIRECT_OBJC_ISA_USAGE = YES_ERROR;
				CLANG_WARN_DOCUMENTATION_COMMENTS = YES;
				CLANG_WARN_EMPTY_BODY = YES;
				CLANG_WARN_ENUM_CONVERSION = YES;
				CLANG_WARN_INFINITE_RECURSION = YES;
				CLANG_WARN_INT_CONVERSION = YES;
				CLANG_WARN_NON_LITERAL_NULL_CONVERSION = YES;
				CLANG_WARN_OBJC_IMPLICIT_RETAIN_SELF = YES;
				CLANG_WARN_OBJC_LITERAL_CONVERSION = YES;
				CLANG_WARN_OBJC_ROOT_CLASS = YES_ERROR;
				CLANG_WARN_QUOTED_INCLUDE_IN_FRAMEWORK_HEADER = YES;
				CLANG_WARN_RANGE_LOOP_ANALYSIS = YES;
				CLANG_WARN_STRICT_PROTOTYPES = YES;
				CLANG_WARN_SUSPICIOUS_MOVE = YES;
				CLANG_WARN_UNGUARDED_AVAILABILITY = YES_AGGRESSIVE;
				CLANG_WARN_UNREACHABLE_CODE = YES;
				CLANG_WARN__DUPLICATE_METHOD_MATCH = YES;
				COPY_PHASE_STRIP = NO;
				DEBUG_INFORMATION_FORMAT = "dwarf-with-dsym";
				ENABLE_NS_ASSERTIONS = NO;
				ENABLE_STRICT_OBJC_MSGSEND = YES;
				GCC_C_LANGUAGE_STANDARD = gnu11;
				GCC_NO_COMMON_BLOCKS = YES;
				GCC_WARN_64_TO_32_BIT_CONVERSION = YES;
				GCC_WARN_ABOUT_RETURN_TYPE = YES_ERROR;
				GCC_WARN_UNDECLARED_SELECTOR = YES;
				GCC_WARN_UNINITIALIZED_AUTOS = YES_AGGRESSIVE;
				GCC_WARN_UNUSED_FUNCTION = YES;
				GCC_WARN_UNUSED_VARIABLE = YES;
				IPHONEOS_DEPLOYMENT_TARGET = 14.0;
				MTL_ENABLE_DEBUG_INFO = NO;
				MTL_FAST_MATH = YES;
				SDKROOT = iphoneos;
				SWIFT_COMPILATION_MODE = wholemodule;
				SWIFT_OPTIMIZATION_LEVEL = "-O";
				VALIDATE_PRODUCT = YES;
			};
			name = Release;
		};
		1F9158A42A4102BD0025631A /* Debug */ = {
			isa = XCBuildConfiguration;
			baseConfigurationReference = EEE9489460AC2EBA5B517785 /* Pods-GitHubRepositories.debug.xcconfig */;
			buildSettings = {
				ASSETCATALOG_COMPILER_APPICON_NAME = AppIcon;
				ASSETCATALOG_COMPILER_GLOBAL_ACCENT_COLOR_NAME = AccentColor;
				CODE_SIGN_STYLE = Automatic;
				CURRENT_PROJECT_VERSION = 1;
				DEVELOPMENT_TEAM = 9R2MSVE485;
				GENERATE_INFOPLIST_FILE = YES;
				INFOPLIST_FILE = GitHubRepositories/Info.plist;
				INFOPLIST_KEY_UIApplicationSupportsIndirectInputEvents = YES;
				INFOPLIST_KEY_UILaunchStoryboardName = LaunchScreen;
				INFOPLIST_KEY_UIMainStoryboardFile = Main;
				INFOPLIST_KEY_UISupportedInterfaceOrientations_iPad = "UIInterfaceOrientationPortrait UIInterfaceOrientationPortraitUpsideDown UIInterfaceOrientationLandscapeLeft UIInterfaceOrientationLandscapeRight";
				INFOPLIST_KEY_UISupportedInterfaceOrientations_iPhone = "UIInterfaceOrientationPortrait UIInterfaceOrientationLandscapeLeft UIInterfaceOrientationLandscapeRight";
				LD_RUNPATH_SEARCH_PATHS = (
					"$(inherited)",
					"@executable_path/Frameworks",
				);
				MARKETING_VERSION = 1.0;
				PRODUCT_BUNDLE_IDENTIFIER = com.appsgeeks.GitHubRepositories;
				PRODUCT_NAME = "$(TARGET_NAME)";
				SWIFT_EMIT_LOC_STRINGS = YES;
				SWIFT_VERSION = 5.0;
				TARGETED_DEVICE_FAMILY = "1,2";
			};
			name = Debug;
		};
		1F9158A52A4102BD0025631A /* Release */ = {
			isa = XCBuildConfiguration;
			baseConfigurationReference = 36AF5925BE214C2A0E9E1A71 /* Pods-GitHubRepositories.release.xcconfig */;
			buildSettings = {
				ASSETCATALOG_COMPILER_APPICON_NAME = AppIcon;
				ASSETCATALOG_COMPILER_GLOBAL_ACCENT_COLOR_NAME = AccentColor;
				CODE_SIGN_STYLE = Automatic;
				CURRENT_PROJECT_VERSION = 1;
				DEVELOPMENT_TEAM = 9R2MSVE485;
				GENERATE_INFOPLIST_FILE = YES;
				INFOPLIST_FILE = GitHubRepositories/Info.plist;
				INFOPLIST_KEY_UIApplicationSupportsIndirectInputEvents = YES;
				INFOPLIST_KEY_UILaunchStoryboardName = LaunchScreen;
				INFOPLIST_KEY_UIMainStoryboardFile = Main;
				INFOPLIST_KEY_UISupportedInterfaceOrientations_iPad = "UIInterfaceOrientationPortrait UIInterfaceOrientationPortraitUpsideDown UIInterfaceOrientationLandscapeLeft UIInterfaceOrientationLandscapeRight";
				INFOPLIST_KEY_UISupportedInterfaceOrientations_iPhone = "UIInterfaceOrientationPortrait UIInterfaceOrientationLandscapeLeft UIInterfaceOrientationLandscapeRight";
				LD_RUNPATH_SEARCH_PATHS = (
					"$(inherited)",
					"@executable_path/Frameworks",
				);
				MARKETING_VERSION = 1.0;
				PRODUCT_BUNDLE_IDENTIFIER = com.appsgeeks.GitHubRepositories;
				PRODUCT_NAME = "$(TARGET_NAME)";
				SWIFT_EMIT_LOC_STRINGS = YES;
				SWIFT_VERSION = 5.0;
				TARGETED_DEVICE_FAMILY = "1,2";
			};
			name = Release;
		};
/* End XCBuildConfiguration section */

/* Begin XCConfigurationList section */
		1F91588A2A4102BC0025631A /* Build configuration list for PBXProject "GitHubRepositories" */ = {
			isa = XCConfigurationList;
			buildConfigurations = (
				1F9158A12A4102BD0025631A /* Debug */,
				1F9158A22A4102BD0025631A /* Release */,
			);
			defaultConfigurationIsVisible = 0;
			defaultConfigurationName = Release;
		};
		1F9158A32A4102BD0025631A /* Build configuration list for PBXNativeTarget "GitHubRepositories" */ = {
			isa = XCConfigurationList;
			buildConfigurations = (
				1F9158A42A4102BD0025631A /* Debug */,
				1F9158A52A4102BD0025631A /* Release */,
			);
			defaultConfigurationIsVisible = 0;
			defaultConfigurationName = Release;
		};
/* End XCConfigurationList section */
	};
	rootObject = 1F9158872A4102BC0025631A /* Project object */;
}
